
Microsoft Visual Studio Solution File, Format Version 12.00
Project("{FAE04EC0-301F-11D3-BF4B-00C04F79EFBC}") = "BookStoreApp", "BookStoreApp.csproj", "{4519AFF6-C982-4F6F-B14C-F337C6AD35C3}"
EndProject
Project("{FAE04EC0-301F-11D3-BF4B-00C04F79EFBC}") = "Tests", "Tests\Tests.csproj", "{ADC7F394-7EE2-485B-BCCC-A75C206E9388}"
EndProject
Global
	GlobalSection(SolutionConfigurationPlatforms) = preSolution
		Debug|Any CPU = Debug|Any CPU
		Release|Any CPU = Release|Any CPU
	EndGlobalSection
	GlobalSection(ProjectConfigurationPlatforms) = postSolution
		{4519AFF6-C982-4F6F-B14C-F337C6AD35C3}.Debug|Any CPU.ActiveCfg = Debug|Any CPU
		{4519AFF6-C982-4F6F-B14C-F337C6AD35C3}.Debug|Any CPU.Build.0 = Debug|Any CPU
		{4519AFF6-C982-4F6F-B14C-F337C6AD35C3}.Release|Any CPU.ActiveCfg = Release|Any CPU
		{4519AFF6-C982-4F6F-B14C-F337C6AD35C3}.Release|Any CPU.Build.0 = Release|Any CPU
		{ADC7F394-7EE2-485B-BCCC-A75C206E9388}.Debug|Any CPU.ActiveCfg = Debug|Any CPU
		{ADC7F394-7EE2-485B-BCCC-A75C206E9388}.Debug|Any CPU.Build.0 = Debug|Any CPU
		{ADC7F394-7EE2-485B-BCCC-A75C206E9388}.Release|Any CPU.ActiveCfg = Release|Any CPU
		{ADC7F394-7EE2-485B-BCCC-A75C206E9388}.Release|Any CPU.Build.0 = Release|Any CPU
	EndGlobalSection
EndGlobal
